// !$*UTF8*$!
{
	archiveVersion = 1;
	classes = {
	};
	objectVersion = 46;
	objects = {

/* Begin PBXBuildFile section */
		3778B5CF17EB3AB90010D9C6 /* TWGameStatusView.m in Sources */ = {isa = PBXBuildFile; fileRef = 3778B5CE17EB3AB90010D9C6 /* TWGameStatusView.m */; };
		37ACB4E817EAF17F004415F9 /* Foundation.framework in Frameworks */ = {isa = PBXBuildFile; fileRef = 37ACB4E717EAF17F004415F9 /* Foundation.framework */; };
		37ACB4EA17EAF17F004415F9 /* CoreGraphics.framework in Frameworks */ = {isa = PBXBuildFile; fileRef = 37ACB4E917EAF17F004415F9 /* CoreGraphics.framework */; };
		37ACB4EC17EAF17F004415F9 /* UIKit.framework in Frameworks */ = {isa = PBXBuildFile; fileRef = 37ACB4EB17EAF17F004415F9 /* UIKit.framework */; };
		37ACB4F217EAF17F004415F9 /* InfoPlist.strings in Resources */ = {isa = PBXBuildFile; fileRef = 37ACB4F017EAF17F004415F9 /* InfoPlist.strings */; };
		37ACB4F417EAF17F004415F9 /* main.m in Sources */ = {isa = PBXBuildFile; fileRef = 37ACB4F317EAF17F004415F9 /* main.m */; };
		37ACB4F817EAF17F004415F9 /* TWAppDelegate.m in Sources */ = {isa = PBXBuildFile; fileRef = 37ACB4F717EAF17F004415F9 /* TWAppDelegate.m */; };
		37ACB4FB17EAF17F004415F9 /* Main.storyboard in Resources */ = {isa = PBXBuildFile; fileRef = 37ACB4F917EAF17F004415F9 /* Main.storyboard */; };
		37ACB4FE17EAF17F004415F9 /* TWViewController.m in Sources */ = {isa = PBXBuildFile; fileRef = 37ACB4FD17EAF17F004415F9 /* TWViewController.m */; };
		37ACB50017EAF17F004415F9 /* Images.xcassets in Resources */ = {isa = PBXBuildFile; fileRef = 37ACB4FF17EAF17F004415F9 /* Images.xcassets */; };
		37ACB50717EAF17F004415F9 /* XCTest.framework in Frameworks */ = {isa = PBXBuildFile; fileRef = 37ACB50617EAF17F004415F9 /* XCTest.framework */; };
		37ACB50817EAF17F004415F9 /* Foundation.framework in Frameworks */ = {isa = PBXBuildFile; fileRef = 37ACB4E717EAF17F004415F9 /* Foundation.framework */; };
		37ACB50917EAF17F004415F9 /* UIKit.framework in Frameworks */ = {isa = PBXBuildFile; fileRef = 37ACB4EB17EAF17F004415F9 /* UIKit.framework */; };
		37ACB51117EAF17F004415F9 /* InfoPlist.strings in Resources */ = {isa = PBXBuildFile; fileRef = 37ACB50F17EAF17F004415F9 /* InfoPlist.strings */; };
		37ACB51317EAF17F004415F9 /* TOWClientTests.m in Sources */ = {isa = PBXBuildFile; fileRef = 37ACB51217EAF17F004415F9 /* TOWClientTests.m */; };
		6607C5AF17EB3BE4003E3B44 /* redFlag.png in Resources */ = {isa = PBXBuildFile; fileRef = 6607C5A517EB3BE4003E3B44 /* redFlag.png */; };
		6607C5B017EB3BE4003E3B44 /* playerIcon.png in Resources */ = {isa = PBXBuildFile; fileRef = 6607C5A617EB3BE4003E3B44 /* playerIcon.png */; };
		6607C5B117EB3BE4003E3B44 /* progressRope.png in Resources */ = {isa = PBXBuildFile; fileRef = 6607C5A717EB3BE4003E3B44 /* progressRope.png */; };
		6607C5B217EB3BE4003E3B44 /* progressRope@2x.png in Resources */ = {isa = PBXBuildFile; fileRef = 6607C5A817EB3BE4003E3B44 /* progressRope@2x.png */; };
		6607C5B317EB3BE4003E3B44 /* playerIcon@2x.png in Resources */ = {isa = PBXBuildFile; fileRef = 6607C5A917EB3BE4003E3B44 /* playerIcon@2x.png */; };
		6607C5B417EB3BE4003E3B44 /* redFlag@2x.png in Resources */ = {isa = PBXBuildFile; fileRef = 6607C5AA17EB3BE4003E3B44 /* redFlag@2x.png */; };
		6607C5B517EB3BE4003E3B44 /* GrassBG.png in Resources */ = {isa = PBXBuildFile; fileRef = 6607C5AB17EB3BE4003E3B44 /* GrassBG.png */; };
		6607C5B617EB3BE4003E3B44 /* GrassBG@2x.png in Resources */ = {isa = PBXBuildFile; fileRef = 6607C5AC17EB3BE4003E3B44 /* GrassBG@2x.png */; };
		6607C5B717EB3BE4003E3B44 /* RopeTile.png in Resources */ = {isa = PBXBuildFile; fileRef = 6607C5AD17EB3BE4003E3B44 /* RopeTile.png */; };
		6607C5B817EB3BE4003E3B44 /* RopeTile@2x.png in Resources */ = {isa = PBXBuildFile; fileRef = 6607C5AE17EB3BE4003E3B44 /* RopeTile@2x.png */; };
/* End PBXBuildFile section */

/* Begin PBXContainerItemProxy section */
		37ACB50A17EAF17F004415F9 /* PBXContainerItemProxy */ = {
			isa = PBXContainerItemProxy;
			containerPortal = 37ACB4DC17EAF17F004415F9 /* Project object */;
			proxyType = 1;
			remoteGlobalIDString = 37ACB4E317EAF17F004415F9;
			remoteInfo = TOWClient;
		};
/* End PBXContainerItemProxy section */

/* Begin PBXFileReference section */
		3778B5CD17EB3AB90010D9C6 /* TWGameStatusView.h */ = {isa = PBXFileReference; fileEncoding = 4; lastKnownFileType = sourcecode.c.h; path = TWGameStatusView.h; sourceTree = "<group>"; };
		3778B5CE17EB3AB90010D9C6 /* TWGameStatusView.m */ = {isa = PBXFileReference; fileEncoding = 4; lastKnownFileType = sourcecode.c.objc; path = TWGameStatusView.m; sourceTree = "<group>"; };
		37ACB4E417EAF17F004415F9 /* TOWClient.app */ = {isa = PBXFileReference; explicitFileType = wrapper.application; includeInIndex = 0; path = TOWClient.app; sourceTree = BUILT_PRODUCTS_DIR; };
		37ACB4E717EAF17F004415F9 /* Foundation.framework */ = {isa = PBXFileReference; lastKnownFileType = wrapper.framework; name = Foundation.framework; path = System/Library/Frameworks/Foundation.framework; sourceTree = SDKROOT; };
		37ACB4E917EAF17F004415F9 /* CoreGraphics.framework */ = {isa = PBXFileReference; lastKnownFileType = wrapper.framework; name = CoreGraphics.framework; path = System/Library/Frameworks/CoreGraphics.framework; sourceTree = SDKROOT; };
		37ACB4EB17EAF17F004415F9 /* UIKit.framework */ = {isa = PBXFileReference; lastKnownFileType = wrapper.framework; name = UIKit.framework; path = System/Library/Frameworks/UIKit.framework; sourceTree = SDKROOT; };
		37ACB4EF17EAF17F004415F9 /* TOWClient-Info.plist */ = {isa = PBXFileReference; lastKnownFileType = text.plist.xml; path = "TOWClient-Info.plist"; sourceTree = "<group>"; };
		37ACB4F117EAF17F004415F9 /* en */ = {isa = PBXFileReference; lastKnownFileType = text.plist.strings; name = en; path = en.lproj/InfoPlist.strings; sourceTree = "<group>"; };
		37ACB4F317EAF17F004415F9 /* main.m */ = {isa = PBXFileReference; lastKnownFileType = sourcecode.c.objc; path = main.m; sourceTree = "<group>"; };
		37ACB4F517EAF17F004415F9 /* TOWClient-Prefix.pch */ = {isa = PBXFileReference; lastKnownFileType = sourcecode.c.h; path = "TOWClient-Prefix.pch"; sourceTree = "<group>"; };
		37ACB4F617EAF17F004415F9 /* TWAppDelegate.h */ = {isa = PBXFileReference; lastKnownFileType = sourcecode.c.h; path = TWAppDelegate.h; sourceTree = "<group>"; };
		37ACB4F717EAF17F004415F9 /* TWAppDelegate.m */ = {isa = PBXFileReference; lastKnownFileType = sourcecode.c.objc; path = TWAppDelegate.m; sourceTree = "<group>"; };
		37ACB4FA17EAF17F004415F9 /* Base */ = {isa = PBXFileReference; lastKnownFileType = file.storyboard; name = Base; path = Base.lproj/Main.storyboard; sourceTree = "<group>"; };
		37ACB4FC17EAF17F004415F9 /* TWViewController.h */ = {isa = PBXFileReference; lastKnownFileType = sourcecode.c.h; path = TWViewController.h; sourceTree = "<group>"; };
		37ACB4FD17EAF17F004415F9 /* TWViewController.m */ = {isa = PBXFileReference; lastKnownFileType = sourcecode.c.objc; path = TWViewController.m; sourceTree = "<group>"; };
		37ACB4FF17EAF17F004415F9 /* Images.xcassets */ = {isa = PBXFileReference; lastKnownFileType = folder.assetcatalog; path = Images.xcassets; sourceTree = "<group>"; };
		37ACB50517EAF17F004415F9 /* TOWClientTests.xctest */ = {isa = PBXFileReference; explicitFileType = wrapper.cfbundle; includeInIndex = 0; path = TOWClientTests.xctest; sourceTree = BUILT_PRODUCTS_DIR; };
		37ACB50617EAF17F004415F9 /* XCTest.framework */ = {isa = PBXFileReference; lastKnownFileType = wrapper.framework; name = XCTest.framework; path = Library/Frameworks/XCTest.framework; sourceTree = DEVELOPER_DIR; };
		37ACB50E17EAF17F004415F9 /* TOWClientTests-Info.plist */ = {isa = PBXFileReference; lastKnownFileType = text.plist.xml; path = "TOWClientTests-Info.plist"; sourceTree = "<group>"; };
		37ACB51017EAF17F004415F9 /* en */ = {isa = PBXFileReference; lastKnownFileType = text.plist.strings; name = en; path = en.lproj/InfoPlist.strings; sourceTree = "<group>"; };
		37ACB51217EAF17F004415F9 /* TOWClientTests.m */ = {isa = PBXFileReference; lastKnownFileType = sourcecode.c.objc; path = TOWClientTests.m; sourceTree = "<group>"; };
		6607C5A517EB3BE4003E3B44 /* redFlag.png */ = {isa = PBXFileReference; lastKnownFileType = image.png; path = redFlag.png; sourceTree = SOURCE_ROOT; };
		6607C5A617EB3BE4003E3B44 /* playerIcon.png */ = {isa = PBXFileReference; lastKnownFileType = image.png; path = playerIcon.png; sourceTree = SOURCE_ROOT; };
		6607C5A717EB3BE4003E3B44 /* progressRope.png */ = {isa = PBXFileReference; lastKnownFileType = image.png; path = progressRope.png; sourceTree = SOURCE_ROOT; };
		6607C5A817EB3BE4003E3B44 /* progressRope@2x.png */ = {isa = PBXFileReference; lastKnownFileType = image.png; path = "progressRope@2x.png"; sourceTree = SOURCE_ROOT; };
		6607C5A917EB3BE4003E3B44 /* playerIcon@2x.png */ = {isa = PBXFileReference; lastKnownFileType = image.png; path = "playerIcon@2x.png"; sourceTree = SOURCE_ROOT; };
		6607C5AA17EB3BE4003E3B44 /* redFlag@2x.png */ = {isa = PBXFileReference; lastKnownFileType = image.png; path = "redFlag@2x.png"; sourceTree = SOURCE_ROOT; };
		6607C5AB17EB3BE4003E3B44 /* GrassBG.png */ = {isa = PBXFileReference; lastKnownFileType = image.png; path = GrassBG.png; sourceTree = SOURCE_ROOT; };
		6607C5AC17EB3BE4003E3B44 /* GrassBG@2x.png */ = {isa = PBXFileReference; lastKnownFileType = image.png; path = "GrassBG@2x.png"; sourceTree = SOURCE_ROOT; };
		6607C5AD17EB3BE4003E3B44 /* RopeTile.png */ = {isa = PBXFileReference; lastKnownFileType = image.png; path = RopeTile.png; sourceTree = SOURCE_ROOT; };
		6607C5AE17EB3BE4003E3B44 /* RopeTile@2x.png */ = {isa = PBXFileReference; lastKnownFileType = image.png; path = "RopeTile@2x.png"; sourceTree = SOURCE_ROOT; };
/* End PBXFileReference section */

/* Begin PBXFrameworksBuildPhase section */
		37ACB4E117EAF17F004415F9 /* Frameworks */ = {
			isa = PBXFrameworksBuildPhase;
			buildActionMask = 2147483647;
			files = (
				37ACB4EA17EAF17F004415F9 /* CoreGraphics.framework in Frameworks */,
				37ACB4EC17EAF17F004415F9 /* UIKit.framework in Frameworks */,
				37ACB4E817EAF17F004415F9 /* Foundation.framework in Frameworks */,
			);
			runOnlyForDeploymentPostprocessing = 0;
		};
		37ACB50217EAF17F004415F9 /* Frameworks */ = {
			isa = PBXFrameworksBuildPhase;
			buildActionMask = 2147483647;
			files = (
				37ACB50717EAF17F004415F9 /* XCTest.framework in Frameworks */,
				37ACB50917EAF17F004415F9 /* UIKit.framework in Frameworks */,
				37ACB50817EAF17F004415F9 /* Foundation.framework in Frameworks */,
			);
			runOnlyForDeploymentPostprocessing = 0;
		};
/* End PBXFrameworksBuildPhase section */

/* Begin PBXGroup section */
		3778B5CC17EB3AB90010D9C6 /* Resources */ = {
			isa = PBXGroup;
			children = (
				6607C5A517EB3BE4003E3B44 /* redFlag.png */,
				6607C5A617EB3BE4003E3B44 /* playerIcon.png */,
				6607C5A717EB3BE4003E3B44 /* progressRope.png */,
				6607C5A817EB3BE4003E3B44 /* progressRope@2x.png */,
				6607C5A917EB3BE4003E3B44 /* playerIcon@2x.png */,
				6607C5AA17EB3BE4003E3B44 /* redFlag@2x.png */,
				6607C5AB17EB3BE4003E3B44 /* GrassBG.png */,
				6607C5AC17EB3BE4003E3B44 /* GrassBG@2x.png */,
				6607C5AD17EB3BE4003E3B44 /* RopeTile.png */,
				6607C5AE17EB3BE4003E3B44 /* RopeTile@2x.png */,
			);
			path = Resources;
			sourceTree = "<group>";
		};
		37ACB4DB17EAF17F004415F9 = {
			isa = PBXGroup;
			children = (
				37ACB4ED17EAF17F004415F9 /* TOWClient */,
				37ACB50C17EAF17F004415F9 /* TOWClientTests */,
				37ACB4E617EAF17F004415F9 /* Frameworks */,
				37ACB4E517EAF17F004415F9 /* Products */,
			);
			sourceTree = "<group>";
		};
		37ACB4E517EAF17F004415F9 /* Products */ = {
			isa = PBXGroup;
			children = (
				37ACB4E417EAF17F004415F9 /* TOWClient.app */,
				37ACB50517EAF17F004415F9 /* TOWClientTests.xctest */,
			);
			name = Products;
			sourceTree = "<group>";
		};
		37ACB4E617EAF17F004415F9 /* Frameworks */ = {
			isa = PBXGroup;
			children = (
				37ACB4E717EAF17F004415F9 /* Foundation.framework */,
				37ACB4E917EAF17F004415F9 /* CoreGraphics.framework */,
				37ACB4EB17EAF17F004415F9 /* UIKit.framework */,
				37ACB50617EAF17F004415F9 /* XCTest.framework */,
			);
			name = Frameworks;
			sourceTree = "<group>";
		};
		37ACB4ED17EAF17F004415F9 /* TOWClient */ = {
			isa = PBXGroup;
			children = (
				3778B5CC17EB3AB90010D9C6 /* Resources */,
				3778B5CD17EB3AB90010D9C6 /* TWGameStatusView.h */,
				3778B5CE17EB3AB90010D9C6 /* TWGameStatusView.m */,
				37ACB4F617EAF17F004415F9 /* TWAppDelegate.h */,
				37ACB4F717EAF17F004415F9 /* TWAppDelegate.m */,
				37ACB4F917EAF17F004415F9 /* Main.storyboard */,
				37ACB4FC17EAF17F004415F9 /* TWViewController.h */,
				37ACB4FD17EAF17F004415F9 /* TWViewController.m */,
				37ACB4FF17EAF17F004415F9 /* Images.xcassets */,
				37ACB4EE17EAF17F004415F9 /* Supporting Files */,
			);
			path = TOWClient;
			sourceTree = "<group>";
		};
		37ACB4EE17EAF17F004415F9 /* Supporting Files */ = {
			isa = PBXGroup;
			children = (
				37ACB4EF17EAF17F004415F9 /* TOWClient-Info.plist */,
				37ACB4F017EAF17F004415F9 /* InfoPlist.strings */,
				37ACB4F317EAF17F004415F9 /* main.m */,
				37ACB4F517EAF17F004415F9 /* TOWClient-Prefix.pch */,
			);
			name = "Supporting Files";
			sourceTree = "<group>";
		};
		37ACB50C17EAF17F004415F9 /* TOWClientTests */ = {
			isa = PBXGroup;
			children = (
				37ACB51217EAF17F004415F9 /* TOWClientTests.m */,
				37ACB50D17EAF17F004415F9 /* Supporting Files */,
			);
			path = TOWClientTests;
			sourceTree = "<group>";
		};
		37ACB50D17EAF17F004415F9 /* Supporting Files */ = {
			isa = PBXGroup;
			children = (
				37ACB50E17EAF17F004415F9 /* TOWClientTests-Info.plist */,
				37ACB50F17EAF17F004415F9 /* InfoPlist.strings */,
			);
			name = "Supporting Files";
			sourceTree = "<group>";
		};
/* End PBXGroup section */

/* Begin PBXNativeTarget section */
		37ACB4E317EAF17F004415F9 /* TOWClient */ = {
			isa = PBXNativeTarget;
			buildConfigurationList = 37ACB51617EAF17F004415F9 /* Build configuration list for PBXNativeTarget "TOWClient" */;
			buildPhases = (
				37ACB4E017EAF17F004415F9 /* Sources */,
				37ACB4E117EAF17F004415F9 /* Frameworks */,
				37ACB4E217EAF17F004415F9 /* Resources */,
			);
			buildRules = (
			);
			dependencies = (
			);
			name = TOWClient;
			productName = TOWClient;
			productReference = 37ACB4E417EAF17F004415F9 /* TOWClient.app */;
			productType = "com.apple.product-type.application";
		};
		37ACB50417EAF17F004415F9 /* TOWClientTests */ = {
			isa = PBXNativeTarget;
			buildConfigurationList = 37ACB51917EAF17F004415F9 /* Build configuration list for PBXNativeTarget "TOWClientTests" */;
			buildPhases = (
				37ACB50117EAF17F004415F9 /* Sources */,
				37ACB50217EAF17F004415F9 /* Frameworks */,
				37ACB50317EAF17F004415F9 /* Resources */,
			);
			buildRules = (
			);
			dependencies = (
				37ACB50B17EAF17F004415F9 /* PBXTargetDependency */,
			);
			name = TOWClientTests;
			productName = TOWClientTests;
			productReference = 37ACB50517EAF17F004415F9 /* TOWClientTests.xctest */;
			productType = "com.apple.product-type.bundle.unit-test";
		};
/* End PBXNativeTarget section */

/* Begin PBXProject section */
		37ACB4DC17EAF17F004415F9 /* Project object */ = {
			isa = PBXProject;
			attributes = {
				CLASSPREFIX = TW;
				LastUpgradeCheck = 0500;
				ORGANIZATIONNAME = TW;
				TargetAttributes = {
					37ACB50417EAF17F004415F9 = {
						TestTargetID = 37ACB4E317EAF17F004415F9;
					};
				};
			};
			buildConfigurationList = 37ACB4DF17EAF17F004415F9 /* Build configuration list for PBXProject "TOWClient" */;
			compatibilityVersion = "Xcode 3.2";
			developmentRegion = English;
			hasScannedForEncodings = 0;
			knownRegions = (
				en,
				Base,
			);
			mainGroup = 37ACB4DB17EAF17F004415F9;
			productRefGroup = 37ACB4E517EAF17F004415F9 /* Products */;
			projectDirPath = "";
			projectRoot = "";
			targets = (
				37ACB4E317EAF17F004415F9 /* TOWClient */,
				37ACB50417EAF17F004415F9 /* TOWClientTests */,
			);
		};
/* End PBXProject section */

/* Begin PBXResourcesBuildPhase section */
		37ACB4E217EAF17F004415F9 /* Resources */ = {
			isa = PBXResourcesBuildPhase;
			buildActionMask = 2147483647;
			files = (
				37ACB50017EAF17F004415F9 /* Images.xcassets in Resources */,
				6607C5B517EB3BE4003E3B44 /* GrassBG.png in Resources */,
				6607C5B817EB3BE4003E3B44 /* RopeTile@2x.png in Resources */,
				37ACB4F217EAF17F004415F9 /* InfoPlist.strings in Resources */,
				6607C5B217EB3BE4003E3B44 /* progressRope@2x.png in Resources */,
				6607C5B017EB3BE4003E3B44 /* playerIcon.png in Resources */,
				6607C5B417EB3BE4003E3B44 /* redFlag@2x.png in Resources */,
				6607C5B317EB3BE4003E3B44 /* playerIcon@2x.png in Resources */,
				37ACB4FB17EAF17F004415F9 /* Main.storyboard in Resources */,
				6607C5B117EB3BE4003E3B44 /* progressRope.png in Resources */,
				6607C5AF17EB3BE4003E3B44 /* redFlag.png in Resources */,
				6607C5B617EB3BE4003E3B44 /* GrassBG@2x.png in Resources */,
				6607C5B717EB3BE4003E3B44 /* RopeTile.png in Resources */,
			);
			runOnlyForDeploymentPostprocessing = 0;
		};
		37ACB50317EAF17F004415F9 /* Resources */ = {
			isa = PBXResourcesBuildPhase;
			buildActionMask = 2147483647;
			files = (
				37ACB51117EAF17F004415F9 /* InfoPlist.strings in Resources */,
			);
			runOnlyForDeploymentPostprocessing = 0;
		};
/* End PBXResourcesBuildPhase section */

/* Begin PBXSourcesBuildPhase section */
		37ACB4E017EAF17F004415F9 /* Sources */ = {
			isa = PBXSourcesBuildPhase;
			buildActionMask = 2147483647;
			files = (
				37ACB4F417EAF17F004415F9 /* main.m in Sources */,
				3778B5CF17EB3AB90010D9C6 /* TWGameStatusView.m in Sources */,
				37ACB4F817EAF17F004415F9 /* TWAppDelegate.m in Sources */,
				37ACB4FE17EAF17F004415F9 /* TWViewController.m in Sources */,
			);
			runOnlyForDeploymentPostprocessing = 0;
		};
		37ACB50117EAF17F004415F9 /* Sources */ = {
			isa = PBXSourcesBuildPhase;
			buildActionMask = 2147483647;
			files = (
				37ACB51317EAF17F004415F9 /* TOWClientTests.m in Sources */,
			);
			runOnlyForDeploymentPostprocessing = 0;
		};
/* End PBXSourcesBuildPhase section */

/* Begin PBXTargetDependency section */
		37ACB50B17EAF17F004415F9 /* PBXTargetDependency */ = {
			isa = PBXTargetDependency;
			target = 37ACB4E317EAF17F004415F9 /* TOWClient */;
			targetProxy = 37ACB50A17EAF17F004415F9 /* PBXContainerItemProxy */;
		};
/* End PBXTargetDependency section */

/* Begin PBXVariantGroup section */
		37ACB4F017EAF17F004415F9 /* InfoPlist.strings */ = {
			isa = PBXVariantGroup;
			children = (
				37ACB4F117EAF17F004415F9 /* en */,
			);
			name = InfoPlist.strings;
			sourceTree = "<group>";
		};
		37ACB4F917EAF17F004415F9 /* Main.storyboard */ = {
			isa = PBXVariantGroup;
			children = (
				37ACB4FA17EAF17F004415F9 /* Base */,
			);
			name = Main.storyboard;
			sourceTree = "<group>";
		};
		37ACB50F17EAF17F004415F9 /* InfoPlist.strings */ = {
			isa = PBXVariantGroup;
			children = (
				37ACB51017EAF17F004415F9 /* en */,
			);
			name = InfoPlist.strings;
			sourceTree = "<group>";
		};
/* End PBXVariantGroup section */

/* Begin XCBuildConfiguration section */
		37ACB51417EAF17F004415F9 /* Debug */ = {
			isa = XCBuildConfiguration;
			buildSettings = {
				ALWAYS_SEARCH_USER_PATHS = NO;
				CLANG_CXX_LANGUAGE_STANDARD = "gnu++0x";
				CLANG_CXX_LIBRARY = "libc++";
				CLANG_ENABLE_MODULES = YES;
				CLANG_ENABLE_OBJC_ARC = YES;
				CLANG_WARN_BOOL_CONVERSION = YES;
				CLANG_WARN_CONSTANT_CONVERSION = YES;
				CLANG_WARN_DIRECT_OBJC_ISA_USAGE = YES_ERROR;
				CLANG_WARN_EMPTY_BODY = YES;
				CLANG_WARN_ENUM_CONVERSION = YES;
				CLANG_WARN_INT_CONVERSION = YES;
				CLANG_WARN_OBJC_ROOT_CLASS = YES_ERROR;
				CLANG_WARN__DUPLICATE_METHOD_MATCH = YES;
				"CODE_SIGN_IDENTITY[sdk=iphoneos*]" = "iPhone Developer";
				COPY_PHASE_STRIP = NO;
				GCC_C_LANGUAGE_STANDARD = gnu99;
				GCC_DYNAMIC_NO_PIC = NO;
				GCC_OPTIMIZATION_LEVEL = 0;
				GCC_PREPROCESSOR_DEFINITIONS = (
					"DEBUG=1",
					"$(inherited)",
				);
				GCC_SYMBOLS_PRIVATE_EXTERN = NO;
				GCC_WARN_ABOUT_RETURN_TYPE = YES_ERROR;
				GCC_WARN_UNDECLARED_SELECTOR = YES;
				GCC_WARN_UNINITIALIZED_AUTOS = YES;
				GCC_WARN_UNUSED_FUNCTION = YES;
				GCC_WARN_UNUSED_VARIABLE = YES;
				IPHONEOS_DEPLOYMENT_TARGET = 7.0;
				ONLY_ACTIVE_ARCH = YES;
				SDKROOT = iphoneos;
			};
			name = Debug;
		};
		37ACB51517EAF17F004415F9 /* Release */ = {
			isa = XCBuildConfiguration;
			buildSettings = {
				ALWAYS_SEARCH_USER_PATHS = NO;
				CLANG_CXX_LANGUAGE_STANDARD = "gnu++0x";
				CLANG_CXX_LIBRARY = "libc++";
				CLANG_ENABLE_MODULES = YES;
				CLANG_ENABLE_OBJC_ARC = YES;
				CLANG_WARN_BOOL_CONVERSION = YES;
				CLANG_WARN_CONSTANT_CONVERSION = YES;
				CLANG_WARN_DIRECT_OBJC_ISA_USAGE = YES_ERROR;
				CLANG_WARN_EMPTY_BODY = YES;
				CLANG_WARN_ENUM_CONVERSION = YES;
				CLANG_WARN_INT_CONVERSION = YES;
				CLANG_WARN_OBJC_ROOT_CLASS = YES_ERROR;
				CLANG_WARN__DUPLICATE_METHOD_MATCH = YES;
				"CODE_SIGN_IDENTITY[sdk=iphoneos*]" = "iPhone Developer";
				COPY_PHASE_STRIP = YES;
				ENABLE_NS_ASSERTIONS = NO;
				GCC_C_LANGUAGE_STANDARD = gnu99;
				GCC_WARN_ABOUT_RETURN_TYPE = YES_ERROR;
				GCC_WARN_UNDECLARED_SELECTOR = YES;
				GCC_WARN_UNINITIALIZED_AUTOS = YES;
				GCC_WARN_UNUSED_FUNCTION = YES;
				GCC_WARN_UNUSED_VARIABLE = YES;
				IPHONEOS_DEPLOYMENT_TARGET = 7.0;
				SDKROOT = iphoneos;
				VALIDATE_PRODUCT = YES;
			};
			name = Release;
		};
		37ACB51717EAF17F004415F9 /* Debug */ = {
			isa = XCBuildConfiguration;
			buildSettings = {
				ASSETCATALOG_COMPILER_APPICON_NAME = AppIcon;
				ASSETCATALOG_COMPILER_LAUNCHIMAGE_NAME = LaunchImage;
				GCC_PRECOMPILE_PREFIX_HEADER = YES;
				GCC_PREFIX_HEADER = "TOWClient/TOWClient-Prefix.pch";
				INFOPLIST_FILE = "TOWClient/TOWClient-Info.plist";
				PRODUCT_NAME = "$(TARGET_NAME)";
				WRAPPER_EXTENSION = app;
			};
			name = Debug;
		};
		37ACB51817EAF17F004415F9 /* Release */ = {
			isa = XCBuildConfiguration;
			buildSettings = {
				ASSETCATALOG_COMPILER_APPICON_NAME = AppIcon;
				ASSETCATALOG_COMPILER_LAUNCHIMAGE_NAME = LaunchImage;
				GCC_PRECOMPILE_PREFIX_HEADER = YES;
				GCC_PREFIX_HEADER = "TOWClient/TOWClient-Prefix.pch";
				INFOPLIST_FILE = "TOWClient/TOWClient-Info.plist";
				PRODUCT_NAME = "$(TARGET_NAME)";
				WRAPPER_EXTENSION = app;
			};
			name = Release;
		};
		37ACB51A17EAF17F004415F9 /* Debug */ = {
			isa = XCBuildConfiguration;
			buildSettings = {
				BUNDLE_LOADER = "$(BUILT_PRODUCTS_DIR)/TOWClient.app/TOWClient";
				FRAMEWORK_SEARCH_PATHS = (
					"$(SDKROOT)/Developer/Library/Frameworks",
					"$(inherited)",
					"$(SYSTEM_APPS_DIR)/Xcode5-DP.app/Contents/Developer/Library/Frameworks",
				);
				GCC_PRECOMPILE_PREFIX_HEADER = YES;
				GCC_PREFIX_HEADER = "TOWClient/TOWClient-Prefix.pch";
				GCC_PREPROCESSOR_DEFINITIONS = (
					"DEBUG=1",
					"$(inherited)",
				);
				INFOPLIST_FILE = "TOWClientTests/TOWClientTests-Info.plist";
				PRODUCT_NAME = "$(TARGET_NAME)";
				TEST_HOST = "$(BUNDLE_LOADER)";
				WRAPPER_EXTENSION = xctest;
			};
			name = Debug;
		};
		37ACB51B17EAF17F004415F9 /* Release */ = {
			isa = XCBuildConfiguration;
			buildSettings = {
				BUNDLE_LOADER = "$(BUILT_PRODUCTS_DIR)/TOWClient.app/TOWClient";
				FRAMEWORK_SEARCH_PATHS = (
					"$(SDKROOT)/Developer/Library/Frameworks",
					"$(inherited)",
					"$(SYSTEM_APPS_DIR)/Xcode5-DP.app/Contents/Developer/Library/Frameworks",
				);
				GCC_PRECOMPILE_PREFIX_HEADER = YES;
				GCC_PREFIX_HEADER = "TOWClient/TOWClient-Prefix.pch";
				INFOPLIST_FILE = "TOWClientTests/TOWClientTests-Info.plist";
				PRODUCT_NAME = "$(TARGET_NAME)";
				TEST_HOST = "$(BUNDLE_LOADER)";
				WRAPPER_EXTENSION = xctest;
			};
			name = Release;
		};
/* End XCBuildConfiguration section */

/* Begin XCConfigurationList section */
		37ACB4DF17EAF17F004415F9 /* Build configuration list for PBXProject "TOWClient" */ = {
			isa = XCConfigurationList;
			buildConfigurations = (
				37ACB51417EAF17F004415F9 /* Debug */,
				37ACB51517EAF17F004415F9 /* Release */,
			);
			defaultConfigurationIsVisible = 0;
			defaultConfigurationName = Release;
		};
		37ACB51617EAF17F004415F9 /* Build configuration list for PBXNativeTarget "TOWClient" */ = {
			isa = XCConfigurationList;
			buildConfigurations = (
				37ACB51717EAF17F004415F9 /* Debug */,
				37ACB51817EAF17F004415F9 /* Release */,
			);
			defaultConfigurationIsVisible = 0;
			defaultConfigurationName = Release;
		};
		37ACB51917EAF17F004415F9 /* Build configuration list for PBXNativeTarget "TOWClientTests" */ = {
			isa = XCConfigurationList;
			buildConfigurations = (
				37ACB51A17EAF17F004415F9 /* Debug */,
				37ACB51B17EAF17F004415F9 /* Release */,
			);
			defaultConfigurationIsVisible = 0;
			defaultConfigurationName = Release;
		};
/* End XCConfigurationList section */
	};
	rootObject = 37ACB4DC17EAF17F004415F9 /* Project object */;
}
